
Microsoft Visual Studio Solution File, Format Version 12.00
# Visual Studio Version 17
VisualStudioVersion = 17.9.34622.214
MinimumVisualStudioVersion = 10.0.40219.1
Project("{FAE04EC0-301F-11D3-BF4B-00C04F79EFBC}") = "CarParking", "CarParking\CarParking.csproj", "{9444495F-3DD7-4A7E-BBA2-AB3CAC4D6744}"
EndProject
Global
	GlobalSection(SolutionConfigurationPlatforms) = preSolution
		Debug|Any CPU = Debug|Any CPU
		Release|Any CPU = Release|Any CPU
	EndGlobalSection
	GlobalSection(ProjectConfigurationPlatforms) = postSolution
		{9444495F-3DD7-4A7E-BBA2-AB3CAC4D6744}.Debug|Any CPU.ActiveCfg = Debug|Any CPU
		{9444495F-3DD7-4A7E-BBA2-AB3CAC4D6744}.Debug|Any CPU.Build.0 = Debug|Any CPU
		{9444495F-3DD7-4A7E-BBA2-AB3CAC4D6744}.Release|Any CPU.ActiveCfg = Release|Any CPU
		{9444495F-3DD7-4A7E-BBA2-AB3CAC4D6744}.Release|Any CPU.Build.0 = Release|Any CPU
	EndGlobalSection
	GlobalSection(SolutionProperties) = preSolution
		HideSolutionNode = FALSE
	EndGlobalSection
	GlobalSection(ExtensibilityGlobals) = postSolution
		SolutionGuid = {3E8F8F4D-3E7F-4178-8640-9502696DCA7B}
	EndGlobalSection
EndGlobal
